
Microsoft Visual Studio Solution File, Format Version 12.00
# Visual Studio Version 17
VisualStudioVersion = 17.2.32630.192
MinimumVisualStudioVersion = 10.0.40219.1
Project("{2150E333-8FDC-42A3-9474-1A3956D46DE8}") = "2022", "2022", "{C7B5CD42-4500-4271-8FCC-89500CE67FBB}"
EndProject
Project("{2150E333-8FDC-42A3-9474-1A3956D46DE8}") = "Day01", "Day01", "{2FB74D0D-9643-4938-A973-4FF116586B4A}"
EndProject
Project("{9A19103F-16F7-4668-BE54-9A1E7A4F7556}") = "Day01", "Day01\Day01.csproj", "{C6AA04A9-4BAB-43FB-A315-CB6FB19976A7}"
EndProject
Project("{2150E333-8FDC-42A3-9474-1A3956D46DE8}") = "Day02", "Day02", "{3BEF5188-3E71-4200-8645-1B0D9C80F276}"
EndProject
Project("{9A19103F-16F7-4668-BE54-9A1E7A4F7556}") = "Day02", "Day02\Day02.csproj", "{B3455230-756E-4591-A2DB-4ED5DCF7B56B}"
EndProject
Project("{2150E333-8FDC-42A3-9474-1A3956D46DE8}") = "Day03", "Day03", "{C49AA170-6FAF-44C8-A863-236EE1A6E88D}"
EndProject
Project("{9A19103F-16F7-4668-BE54-9A1E7A4F7556}") = "Day03", "Day03\Day03.csproj", "{A50F1D40-5C8F-4F1B-9DB3-EFC264A5DA0E}"
EndProject
Project("{2150E333-8FDC-42A3-9474-1A3956D46DE8}") = "Day04", "Day04", "{6AD241C1-ABA3-40DD-9899-E45892FDF49E}"
EndProject
Project("{9A19103F-16F7-4668-BE54-9A1E7A4F7556}") = "Day04", "Day04\Day04.csproj", "{CBFE2717-0EE1-4737-9B84-0A9AAB7E4156}"
EndProject
Project("{2150E333-8FDC-42A3-9474-1A3956D46DE8}") = "Day05", "Day05", "{36BAEA2D-1C31-41AB-A348-10EE50C1839A}"
EndProject
Project("{9A19103F-16F7-4668-BE54-9A1E7A4F7556}") = "Day05", "Day05\Day05.csproj", "{C67DCA0D-847D-4677-AFDA-EAB74C90FE31}"
EndProject
Project("{2150E333-8FDC-42A3-9474-1A3956D46DE8}") = "Day06", "Day06", "{0E819664-6BB1-4390-818F-0FB165EBF5FF}"
EndProject
Project("{9A19103F-16F7-4668-BE54-9A1E7A4F7556}") = "Day06", "Day06\Day06.csproj", "{98B17A66-3EF0-4FBC-AC85-9ECE570ADBCD}"
EndProject
Project("{2150E333-8FDC-42A3-9474-1A3956D46DE8}") = "Day07", "Day07", "{CAC4E0BE-890E-4423-982E-C9167B261910}"
EndProject
Project("{9A19103F-16F7-4668-BE54-9A1E7A4F7556}") = "Day07", "Day07\Day07.csproj", "{F1E6CE6A-D60E-47A5-B966-409551DFCECF}"
EndProject
Project("{2150E333-8FDC-42A3-9474-1A3956D46DE8}") = "Day08", "Day08", "{97298101-BCF8-44E6-A2E1-BB70E0DD8BD3}"
EndProject
Project("{9A19103F-16F7-4668-BE54-9A1E7A4F7556}") = "Day08", "Day08\Day08.csproj", "{0BE3403A-AE20-4497-8B40-D4617EC497E0}"
EndProject
Project("{2150E333-8FDC-42A3-9474-1A3956D46DE8}") = "Day09", "Day09", "{828613CB-7197-452F-87DC-C0651781CC65}"
EndProject
Project("{9A19103F-16F7-4668-BE54-9A1E7A4F7556}") = "Day09", "Day09\Day09.csproj", "{8A03A362-F5C7-4C6B-8C70-C661806AEB65}"
EndProject
Project("{2150E333-8FDC-42A3-9474-1A3956D46DE8}") = "Day10", "Day10", "{12CCEF27-3DAF-4356-BE69-F46D91ABADDF}"
EndProject
Project("{9A19103F-16F7-4668-BE54-9A1E7A4F7556}") = "Day10", "Day10\Day10.csproj", "{FBCEF3D5-45DE-40B4-BCA1-7B5F27C23DA0}"
EndProject
Project("{2150E333-8FDC-42A3-9474-1A3956D46DE8}") = "Day11", "Day11", "{EAFD956B-7C3E-48A8-860A-1F300752D495}"
EndProject
Project("{9A19103F-16F7-4668-BE54-9A1E7A4F7556}") = "Day11", "Day11\Day11.csproj", "{BA331192-7FC6-4CFD-876F-419521751C33}"
EndProject
Project("{2150E333-8FDC-42A3-9474-1A3956D46DE8}") = "Day12", "Day12", "{7B5C2E33-CA04-49DD-8628-C08B18B39B79}"
EndProject
Project("{FAE04EC0-301F-11D3-BF4B-00C04F79EFBC}") = "Day12", "Day12\Day12.csproj", "{D1FF2109-94C9-4177-8366-98B623110BE1}"
EndProject
Global
	GlobalSection(SolutionConfigurationPlatforms) = preSolution
		Debug|Any CPU = Debug|Any CPU
		Release|Any CPU = Release|Any CPU
	EndGlobalSection
	GlobalSection(ProjectConfigurationPlatforms) = postSolution
		{C6AA04A9-4BAB-43FB-A315-CB6FB19976A7}.Debug|Any CPU.ActiveCfg = Debug|Any CPU
		{C6AA04A9-4BAB-43FB-A315-CB6FB19976A7}.Debug|Any CPU.Build.0 = Debug|Any CPU
		{C6AA04A9-4BAB-43FB-A315-CB6FB19976A7}.Release|Any CPU.ActiveCfg = Release|Any CPU
		{C6AA04A9-4BAB-43FB-A315-CB6FB19976A7}.Release|Any CPU.Build.0 = Release|Any CPU
		{B3455230-756E-4591-A2DB-4ED5DCF7B56B}.Debug|Any CPU.ActiveCfg = Debug|Any CPU
		{B3455230-756E-4591-A2DB-4ED5DCF7B56B}.Debug|Any CPU.Build.0 = Debug|Any CPU
		{B3455230-756E-4591-A2DB-4ED5DCF7B56B}.Release|Any CPU.ActiveCfg = Release|Any CPU
		{B3455230-756E-4591-A2DB-4ED5DCF7B56B}.Release|Any CPU.Build.0 = Release|Any CPU
		{A50F1D40-5C8F-4F1B-9DB3-EFC264A5DA0E}.Debug|Any CPU.ActiveCfg = Debug|Any CPU
		{A50F1D40-5C8F-4F1B-9DB3-EFC264A5DA0E}.Debug|Any CPU.Build.0 = Debug|Any CPU
		{A50F1D40-5C8F-4F1B-9DB3-EFC264A5DA0E}.Release|Any CPU.ActiveCfg = Release|Any CPU
		{A50F1D40-5C8F-4F1B-9DB3-EFC264A5DA0E}.Release|Any CPU.Build.0 = Release|Any CPU
		{CBFE2717-0EE1-4737-9B84-0A9AAB7E4156}.Debug|Any CPU.ActiveCfg = Debug|Any CPU
		{CBFE2717-0EE1-4737-9B84-0A9AAB7E4156}.Debug|Any CPU.Build.0 = Debug|Any CPU
		{CBFE2717-0EE1-4737-9B84-0A9AAB7E4156}.Release|Any CPU.ActiveCfg = Release|Any CPU
		{CBFE2717-0EE1-4737-9B84-0A9AAB7E4156}.Release|Any CPU.Build.0 = Release|Any CPU
		{C67DCA0D-847D-4677-AFDA-EAB74C90FE31}.Debug|Any CPU.ActiveCfg = Debug|Any CPU
		{C67DCA0D-847D-4677-AFDA-EAB74C90FE31}.Debug|Any CPU.Build.0 = Debug|Any CPU
		{C67DCA0D-847D-4677-AFDA-EAB74C90FE31}.Release|Any CPU.ActiveCfg = Release|Any CPU
		{C67DCA0D-847D-4677-AFDA-EAB74C90FE31}.Release|Any CPU.Build.0 = Release|Any CPU
		{98B17A66-3EF0-4FBC-AC85-9ECE570ADBCD}.Debug|Any CPU.ActiveCfg = Debug|Any CPU
		{98B17A66-3EF0-4FBC-AC85-9ECE570ADBCD}.Debug|Any CPU.Build.0 = Debug|Any CPU
		{98B17A66-3EF0-4FBC-AC85-9ECE570ADBCD}.Release|Any CPU.ActiveCfg = Release|Any CPU
		{98B17A66-3EF0-4FBC-AC85-9ECE570ADBCD}.Release|Any CPU.Build.0 = Release|Any CPU
		{F1E6CE6A-D60E-47A5-B966-409551DFCECF}.Debug|Any CPU.ActiveCfg = Debug|Any CPU
		{F1E6CE6A-D60E-47A5-B966-409551DFCECF}.Debug|Any CPU.Build.0 = Debug|Any CPU
		{F1E6CE6A-D60E-47A5-B966-409551DFCECF}.Release|Any CPU.ActiveCfg = Release|Any CPU
		{F1E6CE6A-D60E-47A5-B966-409551DFCECF}.Release|Any CPU.Build.0 = Release|Any CPU
		{0BE3403A-AE20-4497-8B40-D4617EC497E0}.Debug|Any CPU.ActiveCfg = Debug|Any CPU
		{0BE3403A-AE20-4497-8B40-D4617EC497E0}.Debug|Any CPU.Build.0 = Debug|Any CPU
		{0BE3403A-AE20-4497-8B40-D4617EC497E0}.Release|Any CPU.ActiveCfg = Release|Any CPU
		{0BE3403A-AE20-4497-8B40-D4617EC497E0}.Release|Any CPU.Build.0 = Release|Any CPU
		{8A03A362-F5C7-4C6B-8C70-C661806AEB65}.Debug|Any CPU.ActiveCfg = Debug|Any CPU
		{8A03A362-F5C7-4C6B-8C70-C661806AEB65}.Debug|Any CPU.Build.0 = Debug|Any CPU
		{8A03A362-F5C7-4C6B-8C70-C661806AEB65}.Release|Any CPU.ActiveCfg = Release|Any CPU
		{8A03A362-F5C7-4C6B-8C70-C661806AEB65}.Release|Any CPU.Build.0 = Release|Any CPU
		{FBCEF3D5-45DE-40B4-BCA1-7B5F27C23DA0}.Debug|Any CPU.ActiveCfg = Debug|Any CPU
		{FBCEF3D5-45DE-40B4-BCA1-7B5F27C23DA0}.Debug|Any CPU.Build.0 = Debug|Any CPU
		{FBCEF3D5-45DE-40B4-BCA1-7B5F27C23DA0}.Release|Any CPU.ActiveCfg = Release|Any CPU
		{FBCEF3D5-45DE-40B4-BCA1-7B5F27C23DA0}.Release|Any CPU.Build.0 = Release|Any CPU
		{BA331192-7FC6-4CFD-876F-419521751C33}.Debug|Any CPU.ActiveCfg = Debug|Any CPU
		{BA331192-7FC6-4CFD-876F-419521751C33}.Debug|Any CPU.Build.0 = Debug|Any CPU
		{BA331192-7FC6-4CFD-876F-419521751C33}.Release|Any CPU.ActiveCfg = Release|Any CPU
		{BA331192-7FC6-4CFD-876F-419521751C33}.Release|Any CPU.Build.0 = Release|Any CPU
		{D1FF2109-94C9-4177-8366-98B623110BE1}.Debug|Any CPU.ActiveCfg = Debug|Any CPU
		{D1FF2109-94C9-4177-8366-98B623110BE1}.Debug|Any CPU.Build.0 = Debug|Any CPU
		{D1FF2109-94C9-4177-8366-98B623110BE1}.Release|Any CPU.ActiveCfg = Release|Any CPU
		{D1FF2109-94C9-4177-8366-98B623110BE1}.Release|Any CPU.Build.0 = Release|Any CPU
	EndGlobalSection
	GlobalSection(SolutionProperties) = preSolution
		HideSolutionNode = FALSE
	EndGlobalSection
	GlobalSection(NestedProjects) = preSolution
		{2FB74D0D-9643-4938-A973-4FF116586B4A} = {C7B5CD42-4500-4271-8FCC-89500CE67FBB}
		{C6AA04A9-4BAB-43FB-A315-CB6FB19976A7} = {2FB74D0D-9643-4938-A973-4FF116586B4A}
		{3BEF5188-3E71-4200-8645-1B0D9C80F276} = {C7B5CD42-4500-4271-8FCC-89500CE67FBB}
		{B3455230-756E-4591-A2DB-4ED5DCF7B56B} = {3BEF5188-3E71-4200-8645-1B0D9C80F276}
		{C49AA170-6FAF-44C8-A863-236EE1A6E88D} = {C7B5CD42-4500-4271-8FCC-89500CE67FBB}
		{A50F1D40-5C8F-4F1B-9DB3-EFC264A5DA0E} = {C49AA170-6FAF-44C8-A863-236EE1A6E88D}
		{6AD241C1-ABA3-40DD-9899-E45892FDF49E} = {C7B5CD42-4500-4271-8FCC-89500CE67FBB}
		{CBFE2717-0EE1-4737-9B84-0A9AAB7E4156} = {6AD241C1-ABA3-40DD-9899-E45892FDF49E}
		{36BAEA2D-1C31-41AB-A348-10EE50C1839A} = {C7B5CD42-4500-4271-8FCC-89500CE67FBB}
		{C67DCA0D-847D-4677-AFDA-EAB74C90FE31} = {36BAEA2D-1C31-41AB-A348-10EE50C1839A}
		{0E819664-6BB1-4390-818F-0FB165EBF5FF} = {C7B5CD42-4500-4271-8FCC-89500CE67FBB}
		{98B17A66-3EF0-4FBC-AC85-9ECE570ADBCD} = {0E819664-6BB1-4390-818F-0FB165EBF5FF}
		{CAC4E0BE-890E-4423-982E-C9167B261910} = {C7B5CD42-4500-4271-8FCC-89500CE67FBB}
		{F1E6CE6A-D60E-47A5-B966-409551DFCECF} = {CAC4E0BE-890E-4423-982E-C9167B261910}
		{97298101-BCF8-44E6-A2E1-BB70E0DD8BD3} = {C7B5CD42-4500-4271-8FCC-89500CE67FBB}
		{0BE3403A-AE20-4497-8B40-D4617EC497E0} = {97298101-BCF8-44E6-A2E1-BB70E0DD8BD3}
		{828613CB-7197-452F-87DC-C0651781CC65} = {C7B5CD42-4500-4271-8FCC-89500CE67FBB}
		{8A03A362-F5C7-4C6B-8C70-C661806AEB65} = {828613CB-7197-452F-87DC-C0651781CC65}
		{12CCEF27-3DAF-4356-BE69-F46D91ABADDF} = {C7B5CD42-4500-4271-8FCC-89500CE67FBB}
		{FBCEF3D5-45DE-40B4-BCA1-7B5F27C23DA0} = {12CCEF27-3DAF-4356-BE69-F46D91ABADDF}
		{EAFD956B-7C3E-48A8-860A-1F300752D495} = {C7B5CD42-4500-4271-8FCC-89500CE67FBB}
		{BA331192-7FC6-4CFD-876F-419521751C33} = {EAFD956B-7C3E-48A8-860A-1F300752D495}
		{7B5C2E33-CA04-49DD-8628-C08B18B39B79} = {C7B5CD42-4500-4271-8FCC-89500CE67FBB}
		{D1FF2109-94C9-4177-8366-98B623110BE1} = {7B5C2E33-CA04-49DD-8628-C08B18B39B79}
	EndGlobalSection
	GlobalSection(ExtensibilityGlobals) = postSolution
		SolutionGuid = {19AE55D3-4366-4626-AB89-748AE811E98B}
	EndGlobalSection
EndGlobal
