
Microsoft Visual Studio Solution File, Format Version 12.00
# Visual Studio Version 17
VisualStudioVersion = 17.2.32630.192
MinimumVisualStudioVersion = 10.0.40219.1
Project("{2150E333-8FDC-42A3-9474-1A3956D46DE8}") = "2022", "2022", "{C7B5CD42-4500-4271-8FCC-89500CE67FBB}"
EndProject
Project("{2150E333-8FDC-42A3-9474-1A3956D46DE8}") = "Day01", "Day01", "{2FB74D0D-9643-4938-A973-4FF116586B4A}"
EndProject
Project("{9A19103F-16F7-4668-BE54-9A1E7A4F7556}") = "Day01", "Day01\Day01.csproj", "{C6AA04A9-4BAB-43FB-A315-CB6FB19976A7}"
EndProject
Project("{2150E333-8FDC-42A3-9474-1A3956D46DE8}") = "Day02", "Day02", "{3BEF5188-3E71-4200-8645-1B0D9C80F276}"
EndProject
Project("{9A19103F-16F7-4668-BE54-9A1E7A4F7556}") = "Day02", "Day02\Day02.csproj", "{B3455230-756E-4591-A2DB-4ED5DCF7B56B}"
EndProject
Project("{2150E333-8FDC-42A3-9474-1A3956D46DE8}") = "Day03", "Day03", "{C49AA170-6FAF-44C8-A863-236EE1A6E88D}"
EndProject
Project("{9A19103F-16F7-4668-BE54-9A1E7A4F7556}") = "Day03", "Day03\Day03.csproj", "{A50F1D40-5C8F-4F1B-9DB3-EFC264A5DA0E}"
EndProject
Project("{2150E333-8FDC-42A3-9474-1A3956D46DE8}") = "Day04", "Day04", "{6AD241C1-ABA3-40DD-9899-E45892FDF49E}"
EndProject
Project("{9A19103F-16F7-4668-BE54-9A1E7A4F7556}") = "Day04", "Day04\Day04.csproj", "{CBFE2717-0EE1-4737-9B84-0A9AAB7E4156}"
EndProject
Project("{2150E333-8FDC-42A3-9474-1A3956D46DE8}") = "Day05", "Day05", "{36BAEA2D-1C31-41AB-A348-10EE50C1839A}"
EndProject
Project("{FAE04EC0-301F-11D3-BF4B-00C04F79EFBC}") = "Day05", "Day05\Day05.csproj", "{C67DCA0D-847D-4677-AFDA-EAB74C90FE31}"
EndProject
Project("{2150E333-8FDC-42A3-9474-1A3956D46DE8}") = "Day06", "Day06", "{0E819664-6BB1-4390-818F-0FB165EBF5FF}"
EndProject
Project("{FAE04EC0-301F-11D3-BF4B-00C04F79EFBC}") = "Day06", "Day06\Day06.csproj", "{98B17A66-3EF0-4FBC-AC85-9ECE570ADBCD}"
EndProject
Global
	GlobalSection(SolutionConfigurationPlatforms) = preSolution
		Debug|Any CPU = Debug|Any CPU
		Release|Any CPU = Release|Any CPU
	EndGlobalSection
	GlobalSection(ProjectConfigurationPlatforms) = postSolution
		{C6AA04A9-4BAB-43FB-A315-CB6FB19976A7}.Debug|Any CPU.ActiveCfg = Debug|Any CPU
		{C6AA04A9-4BAB-43FB-A315-CB6FB19976A7}.Debug|Any CPU.Build.0 = Debug|Any CPU
		{C6AA04A9-4BAB-43FB-A315-CB6FB19976A7}.Release|Any CPU.ActiveCfg = Release|Any CPU
		{C6AA04A9-4BAB-43FB-A315-CB6FB19976A7}.Release|Any CPU.Build.0 = Release|Any CPU
		{B3455230-756E-4591-A2DB-4ED5DCF7B56B}.Debug|Any CPU.ActiveCfg = Debug|Any CPU
		{B3455230-756E-4591-A2DB-4ED5DCF7B56B}.Debug|Any CPU.Build.0 = Debug|Any CPU
		{B3455230-756E-4591-A2DB-4ED5DCF7B56B}.Release|Any CPU.ActiveCfg = Release|Any CPU
		{B3455230-756E-4591-A2DB-4ED5DCF7B56B}.Release|Any CPU.Build.0 = Release|Any CPU
		{A50F1D40-5C8F-4F1B-9DB3-EFC264A5DA0E}.Debug|Any CPU.ActiveCfg = Debug|Any CPU
		{A50F1D40-5C8F-4F1B-9DB3-EFC264A5DA0E}.Debug|Any CPU.Build.0 = Debug|Any CPU
		{A50F1D40-5C8F-4F1B-9DB3-EFC264A5DA0E}.Release|Any CPU.ActiveCfg = Release|Any CPU
		{A50F1D40-5C8F-4F1B-9DB3-EFC264A5DA0E}.Release|Any CPU.Build.0 = Release|Any CPU
		{CBFE2717-0EE1-4737-9B84-0A9AAB7E4156}.Debug|Any CPU.ActiveCfg = Debug|Any CPU
		{CBFE2717-0EE1-4737-9B84-0A9AAB7E4156}.Debug|Any CPU.Build.0 = Debug|Any CPU
		{CBFE2717-0EE1-4737-9B84-0A9AAB7E4156}.Release|Any CPU.ActiveCfg = Release|Any CPU
		{CBFE2717-0EE1-4737-9B84-0A9AAB7E4156}.Release|Any CPU.Build.0 = Release|Any CPU
		{C67DCA0D-847D-4677-AFDA-EAB74C90FE31}.Debug|Any CPU.ActiveCfg = Debug|Any CPU
		{C67DCA0D-847D-4677-AFDA-EAB74C90FE31}.Debug|Any CPU.Build.0 = Debug|Any CPU
		{C67DCA0D-847D-4677-AFDA-EAB74C90FE31}.Release|Any CPU.ActiveCfg = Release|Any CPU
		{C67DCA0D-847D-4677-AFDA-EAB74C90FE31}.Release|Any CPU.Build.0 = Release|Any CPU
		{98B17A66-3EF0-4FBC-AC85-9ECE570ADBCD}.Debug|Any CPU.ActiveCfg = Debug|Any CPU
		{98B17A66-3EF0-4FBC-AC85-9ECE570ADBCD}.Debug|Any CPU.Build.0 = Debug|Any CPU
		{98B17A66-3EF0-4FBC-AC85-9ECE570ADBCD}.Release|Any CPU.ActiveCfg = Release|Any CPU
		{98B17A66-3EF0-4FBC-AC85-9ECE570ADBCD}.Release|Any CPU.Build.0 = Release|Any CPU
	EndGlobalSection
	GlobalSection(SolutionProperties) = preSolution
		HideSolutionNode = FALSE
	EndGlobalSection
	GlobalSection(NestedProjects) = preSolution
		{2FB74D0D-9643-4938-A973-4FF116586B4A} = {C7B5CD42-4500-4271-8FCC-89500CE67FBB}
		{C6AA04A9-4BAB-43FB-A315-CB6FB19976A7} = {2FB74D0D-9643-4938-A973-4FF116586B4A}
		{3BEF5188-3E71-4200-8645-1B0D9C80F276} = {C7B5CD42-4500-4271-8FCC-89500CE67FBB}
		{B3455230-756E-4591-A2DB-4ED5DCF7B56B} = {3BEF5188-3E71-4200-8645-1B0D9C80F276}
		{C49AA170-6FAF-44C8-A863-236EE1A6E88D} = {C7B5CD42-4500-4271-8FCC-89500CE67FBB}
		{A50F1D40-5C8F-4F1B-9DB3-EFC264A5DA0E} = {C49AA170-6FAF-44C8-A863-236EE1A6E88D}
		{6AD241C1-ABA3-40DD-9899-E45892FDF49E} = {C7B5CD42-4500-4271-8FCC-89500CE67FBB}
		{CBFE2717-0EE1-4737-9B84-0A9AAB7E4156} = {6AD241C1-ABA3-40DD-9899-E45892FDF49E}
		{36BAEA2D-1C31-41AB-A348-10EE50C1839A} = {C7B5CD42-4500-4271-8FCC-89500CE67FBB}
		{C67DCA0D-847D-4677-AFDA-EAB74C90FE31} = {36BAEA2D-1C31-41AB-A348-10EE50C1839A}
		{0E819664-6BB1-4390-818F-0FB165EBF5FF} = {C7B5CD42-4500-4271-8FCC-89500CE67FBB}
		{98B17A66-3EF0-4FBC-AC85-9ECE570ADBCD} = {0E819664-6BB1-4390-818F-0FB165EBF5FF}
	EndGlobalSection
	GlobalSection(ExtensibilityGlobals) = postSolution
		SolutionGuid = {19AE55D3-4366-4626-AB89-748AE811E98B}
	EndGlobalSection
EndGlobal
